// !$*UTF8*$!
{
	archiveVersion = 1;
	classes = {
	};
	objectVersion = 56;
	objects = {

/* Begin PBXBuildFile section */
		E65482CB2C3E379F007EEA1A /* AppDelegate.m in Sources */ = {isa = PBXBuildFile; fileRef = E65482CA2C3E379F007EEA1A /* AppDelegate.m */; };
		E65482CE2C3E379F007EEA1A /* SceneDelegate.m in Sources */ = {isa = PBXBuildFile; fileRef = E65482CD2C3E379F007EEA1A /* SceneDelegate.m */; };
		E65482D12C3E379F007EEA1A /* ViewController.m in Sources */ = {isa = PBXBuildFile; fileRef = E65482D02C3E379F007EEA1A /* ViewController.m */; };
		E65482D42C3E379F007EEA1A /* Base in Resources */ = {isa = PBXBuildFile; fileRef = E65482D32C3E379F007EEA1A /* Base */; };
		E65482D62C3E37AD007EEA1A /* Assets.xcassets in Resources */ = {isa = PBXBuildFile; fileRef = E65482D52C3E37AD007EEA1A /* Assets.xcassets */; };
		E65482D92C3E37AE007EEA1A /* Base in Resources */ = {isa = PBXBuildFile; fileRef = E65482D82C3E37AE007EEA1A /* Base */; };
		E65482DC2C3E37AE007EEA1A /* main.m in Sources */ = {isa = PBXBuildFile; fileRef = E65482DB2C3E37AE007EEA1A /* main.m */; };
		E65482E62C3E37B1007EEA1A /* MovieDb_OBJCTests.m in Sources */ = {isa = PBXBuildFile; fileRef = E65482E52C3E37B1007EEA1A /* MovieDb_OBJCTests.m */; };
		E65482F02C3E37B1007EEA1A /* MovieDb_OBJCUITests.m in Sources */ = {isa = PBXBuildFile; fileRef = E65482EF2C3E37B1007EEA1A /* MovieDb_OBJCUITests.m */; };
		E65482F22C3E37B1007EEA1A /* MovieDb_OBJCUITestsLaunchTests.m in Sources */ = {isa = PBXBuildFile; fileRef = E65482F12C3E37B1007EEA1A /* MovieDb_OBJCUITestsLaunchTests.m */; };
		E65483012C3E384A007EEA1A /* NetworkManager.m in Sources */ = {isa = PBXBuildFile; fileRef = E65483002C3E384A007EEA1A /* NetworkManager.m */; };
		E65483052C3E38A9007EEA1A /* MovieModel.m in Sources */ = {isa = PBXBuildFile; fileRef = E65483042C3E38A9007EEA1A /* MovieModel.m */; };
		E65483092C3E38EB007EEA1A /* MovieViewModel.m in Sources */ = {isa = PBXBuildFile; fileRef = E65483082C3E38EB007EEA1A /* MovieViewModel.m */; };
		E654830F2C3E3C92007EEA1A /* MovieCollectionViewCell.m in Sources */ = {isa = PBXBuildFile; fileRef = E654830E2C3E3C92007EEA1A /* MovieCollectionViewCell.m */; };
/* End PBXBuildFile section */

/* Begin PBXContainerItemProxy section */
		E65482E22C3E37B1007EEA1A /* PBXContainerItemProxy */ = {
			isa = PBXContainerItemProxy;
			containerPortal = E65482BE2C3E379F007EEA1A /* Project object */;
			proxyType = 1;
			remoteGlobalIDString = E65482C52C3E379F007EEA1A;
			remoteInfo = MovieDb_OBJC;
		};
		E65482EC2C3E37B1007EEA1A /* PBXContainerItemProxy */ = {
			isa = PBXContainerItemProxy;
			containerPortal = E65482BE2C3E379F007EEA1A /* Project object */;
			proxyType = 1;
			remoteGlobalIDString = E65482C52C3E379F007EEA1A;
			remoteInfo = MovieDb_OBJC;
		};
/* End PBXContainerItemProxy section */

/* Begin PBXFileReference section */
		E65482C62C3E379F007EEA1A /* MovieDb_OBJC.app */ = {isa = PBXFileReference; explicitFileType = wrapper.application; includeInIndex = 0; path = MovieDb_OBJC.app; sourceTree = BUILT_PRODUCTS_DIR; };
		E65482C92C3E379F007EEA1A /* AppDelegate.h */ = {isa = PBXFileReference; lastKnownFileType = sourcecode.c.h; path = AppDelegate.h; sourceTree = "<group>"; };
		E65482CA2C3E379F007EEA1A /* AppDelegate.m */ = {isa = PBXFileReference; lastKnownFileType = sourcecode.c.objc; path = AppDelegate.m; sourceTree = "<group>"; };
		E65482CC2C3E379F007EEA1A /* SceneDelegate.h */ = {isa = PBXFileReference; lastKnownFileType = sourcecode.c.h; path = SceneDelegate.h; sourceTree = "<group>"; };
		E65482CD2C3E379F007EEA1A /* SceneDelegate.m */ = {isa = PBXFileReference; lastKnownFileType = sourcecode.c.objc; path = SceneDelegate.m; sourceTree = "<group>"; };
		E65482CF2C3E379F007EEA1A /* ViewController.h */ = {isa = PBXFileReference; lastKnownFileType = sourcecode.c.h; path = ViewController.h; sourceTree = "<group>"; };
		E65482D02C3E379F007EEA1A /* ViewController.m */ = {isa = PBXFileReference; lastKnownFileType = sourcecode.c.objc; path = ViewController.m; sourceTree = "<group>"; };
		E65482D32C3E379F007EEA1A /* Base */ = {isa = PBXFileReference; lastKnownFileType = file.storyboard; name = Base; path = Base.lproj/Main.storyboard; sourceTree = "<group>"; };
		E65482D52C3E37AD007EEA1A /* Assets.xcassets */ = {isa = PBXFileReference; lastKnownFileType = folder.assetcatalog; path = Assets.xcassets; sourceTree = "<group>"; };
		E65482D82C3E37AE007EEA1A /* Base */ = {isa = PBXFileReference; lastKnownFileType = file.storyboard; name = Base; path = Base.lproj/LaunchScreen.storyboard; sourceTree = "<group>"; };
		E65482DA2C3E37AE007EEA1A /* Info.plist */ = {isa = PBXFileReference; lastKnownFileType = text.plist.xml; path = Info.plist; sourceTree = "<group>"; };
		E65482DB2C3E37AE007EEA1A /* main.m */ = {isa = PBXFileReference; lastKnownFileType = sourcecode.c.objc; path = main.m; sourceTree = "<group>"; };
		E65482E12C3E37B1007EEA1A /* MovieDb_OBJCTests.xctest */ = {isa = PBXFileReference; explicitFileType = wrapper.cfbundle; includeInIndex = 0; path = MovieDb_OBJCTests.xctest; sourceTree = BUILT_PRODUCTS_DIR; };
		E65482E52C3E37B1007EEA1A /* MovieDb_OBJCTests.m */ = {isa = PBXFileReference; lastKnownFileType = sourcecode.c.objc; path = MovieDb_OBJCTests.m; sourceTree = "<group>"; };
		E65482EB2C3E37B1007EEA1A /* MovieDb_OBJCUITests.xctest */ = {isa = PBXFileReference; explicitFileType = wrapper.cfbundle; includeInIndex = 0; path = MovieDb_OBJCUITests.xctest; sourceTree = BUILT_PRODUCTS_DIR; };
		E65482EF2C3E37B1007EEA1A /* MovieDb_OBJCUITests.m */ = {isa = PBXFileReference; lastKnownFileType = sourcecode.c.objc; path = MovieDb_OBJCUITests.m; sourceTree = "<group>"; };
		E65482F12C3E37B1007EEA1A /* MovieDb_OBJCUITestsLaunchTests.m */ = {isa = PBXFileReference; lastKnownFileType = sourcecode.c.objc; path = MovieDb_OBJCUITestsLaunchTests.m; sourceTree = "<group>"; };
		E65482FF2C3E384A007EEA1A /* NetworkManager.h */ = {isa = PBXFileReference; lastKnownFileType = sourcecode.c.h; path = NetworkManager.h; sourceTree = "<group>"; };
		E65483002C3E384A007EEA1A /* NetworkManager.m */ = {isa = PBXFileReference; lastKnownFileType = sourcecode.c.objc; path = NetworkManager.m; sourceTree = "<group>"; };
		E65483032C3E38A9007EEA1A /* MovieModel.h */ = {isa = PBXFileReference; lastKnownFileType = sourcecode.c.h; path = MovieModel.h; sourceTree = "<group>"; };
		E65483042C3E38A9007EEA1A /* MovieModel.m */ = {isa = PBXFileReference; lastKnownFileType = sourcecode.c.objc; path = MovieModel.m; sourceTree = "<group>"; };
		E65483072C3E38EB007EEA1A /* MovieViewModel.h */ = {isa = PBXFileReference; lastKnownFileType = sourcecode.c.h; path = MovieViewModel.h; sourceTree = "<group>"; };
		E65483082C3E38EB007EEA1A /* MovieViewModel.m */ = {isa = PBXFileReference; lastKnownFileType = sourcecode.c.objc; path = MovieViewModel.m; sourceTree = "<group>"; };
		E654830D2C3E3C92007EEA1A /* MovieCollectionViewCell.h */ = {isa = PBXFileReference; lastKnownFileType = sourcecode.c.h; path = MovieCollectionViewCell.h; sourceTree = "<group>"; };
		E654830E2C3E3C92007EEA1A /* MovieCollectionViewCell.m */ = {isa = PBXFileReference; lastKnownFileType = sourcecode.c.objc; path = MovieCollectionViewCell.m; sourceTree = "<group>"; };
/* End PBXFileReference section */

/* Begin PBXFrameworksBuildPhase section */
		E65482C32C3E379F007EEA1A /* Frameworks */ = {
			isa = PBXFrameworksBuildPhase;
			buildActionMask = 2147483647;
			files = (
			);
			runOnlyForDeploymentPostprocessing = 0;
		};
		E65482DE2C3E37B1007EEA1A /* Frameworks */ = {
			isa = PBXFrameworksBuildPhase;
			buildActionMask = 2147483647;
			files = (
			);
			runOnlyForDeploymentPostprocessing = 0;
		};
		E65482E82C3E37B1007EEA1A /* Frameworks */ = {
			isa = PBXFrameworksBuildPhase;
			buildActionMask = 2147483647;
			files = (
			);
			runOnlyForDeploymentPostprocessing = 0;
		};
/* End PBXFrameworksBuildPhase section */

/* Begin PBXGroup section */
		E65482BD2C3E379F007EEA1A = {
			isa = PBXGroup;
			children = (
				E65482C82C3E379F007EEA1A /* MovieDb_OBJC */,
				E65482E42C3E37B1007EEA1A /* MovieDb_OBJCTests */,
				E65482EE2C3E37B1007EEA1A /* MovieDb_OBJCUITests */,
				E65482C72C3E379F007EEA1A /* Products */,
			);
			sourceTree = "<group>";
		};
		E65482C72C3E379F007EEA1A /* Products */ = {
			isa = PBXGroup;
			children = (
				E65482C62C3E379F007EEA1A /* MovieDb_OBJC.app */,
				E65482E12C3E37B1007EEA1A /* MovieDb_OBJCTests.xctest */,
				E65482EB2C3E37B1007EEA1A /* MovieDb_OBJCUITests.xctest */,
			);
			name = Products;
			sourceTree = "<group>";
		};
		E65482C82C3E379F007EEA1A /* MovieDb_OBJC */ = {
			isa = PBXGroup;
			children = (
				E654830B2C3E39D1007EEA1A /* Resources */,
				E654830A2C3E39C7007EEA1A /* View */,
				E65483062C3E38E1007EEA1A /* View Model */,
				E65483022C3E389B007EEA1A /* Model */,
				E65482FE2C3E3816007EEA1A /* Network Manager */,
				E65482D22C3E379F007EEA1A /* Main.storyboard */,
				E65482D52C3E37AD007EEA1A /* Assets.xcassets */,
				E65482D72C3E37AE007EEA1A /* LaunchScreen.storyboard */,
				E65482DA2C3E37AE007EEA1A /* Info.plist */,
				E65482DB2C3E37AE007EEA1A /* main.m */,
			);
			path = MovieDb_OBJC;
			sourceTree = "<group>";
		};
		E65482E42C3E37B1007EEA1A /* MovieDb_OBJCTests */ = {
			isa = PBXGroup;
			children = (
				E65482E52C3E37B1007EEA1A /* MovieDb_OBJCTests.m */,
			);
			path = MovieDb_OBJCTests;
			sourceTree = "<group>";
		};
		E65482EE2C3E37B1007EEA1A /* MovieDb_OBJCUITests */ = {
			isa = PBXGroup;
			children = (
				E65482EF2C3E37B1007EEA1A /* MovieDb_OBJCUITests.m */,
				E65482F12C3E37B1007EEA1A /* MovieDb_OBJCUITestsLaunchTests.m */,
			);
			path = MovieDb_OBJCUITests;
			sourceTree = "<group>";
		};
		E65482FE2C3E3816007EEA1A /* Network Manager */ = {
			isa = PBXGroup;
			children = (
				E65482FF2C3E384A007EEA1A /* NetworkManager.h */,
				E65483002C3E384A007EEA1A /* NetworkManager.m */,
			);
			path = "Network Manager";
			sourceTree = "<group>";
		};
		E65483022C3E389B007EEA1A /* Model */ = {
			isa = PBXGroup;
			children = (
				E65483032C3E38A9007EEA1A /* MovieModel.h */,
				E65483042C3E38A9007EEA1A /* MovieModel.m */,
			);
			path = Model;
			sourceTree = "<group>";
		};
		E65483062C3E38E1007EEA1A /* View Model */ = {
			isa = PBXGroup;
			children = (
				E65483072C3E38EB007EEA1A /* MovieViewModel.h */,
				E65483082C3E38EB007EEA1A /* MovieViewModel.m */,
			);
			path = "View Model";
			sourceTree = "<group>";
		};
		E654830A2C3E39C7007EEA1A /* View */ = {
			isa = PBXGroup;
			children = (
				E654830C2C3E3C71007EEA1A /* Cell */,
				E65482CF2C3E379F007EEA1A /* ViewController.h */,
				E65482D02C3E379F007EEA1A /* ViewController.m */,
			);
			path = View;
			sourceTree = "<group>";
		};
		E654830B2C3E39D1007EEA1A /* Resources */ = {
			isa = PBXGroup;
			children = (
				E65482C92C3E379F007EEA1A /* AppDelegate.h */,
				E65482CA2C3E379F007EEA1A /* AppDelegate.m */,
				E65482CC2C3E379F007EEA1A /* SceneDelegate.h */,
				E65482CD2C3E379F007EEA1A /* SceneDelegate.m */,
			);
			path = Resources;
			sourceTree = "<group>";
		};
		E654830C2C3E3C71007EEA1A /* Cell */ = {
			isa = PBXGroup;
			children = (
				E654830D2C3E3C92007EEA1A /* MovieCollectionViewCell.h */,
				E654830E2C3E3C92007EEA1A /* MovieCollectionViewCell.m */,
			);
			path = Cell;
			sourceTree = "<group>";
		};
/* End PBXGroup section */

/* Begin PBXNativeTarget section */
		E65482C52C3E379F007EEA1A /* MovieDb_OBJC */ = {
			isa = PBXNativeTarget;
			buildConfigurationList = E65482F52C3E37B1007EEA1A /* Build configuration list for PBXNativeTarget "MovieDb_OBJC" */;
			buildPhases = (
				E65482C22C3E379F007EEA1A /* Sources */,
				E65482C32C3E379F007EEA1A /* Frameworks */,
				E65482C42C3E379F007EEA1A /* Resources */,
			);
			buildRules = (
			);
			dependencies = (
			);
			name = MovieDb_OBJC;
			productName = MovieDb_OBJC;
			productReference = E65482C62C3E379F007EEA1A /* MovieDb_OBJC.app */;
			productType = "com.apple.product-type.application";
		};
		E65482E02C3E37B1007EEA1A /* MovieDb_OBJCTests */ = {
			isa = PBXNativeTarget;
			buildConfigurationList = E65482F82C3E37B1007EEA1A /* Build configuration list for PBXNativeTarget "MovieDb_OBJCTests" */;
			buildPhases = (
				E65482DD2C3E37B1007EEA1A /* Sources */,
				E65482DE2C3E37B1007EEA1A /* Frameworks */,
				E65482DF2C3E37B1007EEA1A /* Resources */,
			);
			buildRules = (
			);
			dependencies = (
				E65482E32C3E37B1007EEA1A /* PBXTargetDependency */,
			);
			name = MovieDb_OBJCTests;
			productName = MovieDb_OBJCTests;
			productReference = E65482E12C3E37B1007EEA1A /* MovieDb_OBJCTests.xctest */;
			productType = "com.apple.product-type.bundle.unit-test";
		};
		E65482EA2C3E37B1007EEA1A /* MovieDb_OBJCUITests */ = {
			isa = PBXNativeTarget;
			buildConfigurationList = E65482FB2C3E37B1007EEA1A /* Build configuration list for PBXNativeTarget "MovieDb_OBJCUITests" */;
			buildPhases = (
				E65482E72C3E37B1007EEA1A /* Sources */,
				E65482E82C3E37B1007EEA1A /* Frameworks */,
				E65482E92C3E37B1007EEA1A /* Resources */,
			);
			buildRules = (
			);
			dependencies = (
				E65482ED2C3E37B1007EEA1A /* PBXTargetDependency */,
			);
			name = MovieDb_OBJCUITests;
			productName = MovieDb_OBJCUITests;
			productReference = E65482EB2C3E37B1007EEA1A /* MovieDb_OBJCUITests.xctest */;
			productType = "com.apple.product-type.bundle.ui-testing";
		};
/* End PBXNativeTarget section */

/* Begin PBXProject section */
		E65482BE2C3E379F007EEA1A /* Project object */ = {
			isa = PBXProject;
			attributes = {
				BuildIndependentTargetsInParallel = 1;
				LastUpgradeCheck = 1540;
				TargetAttributes = {
					E65482C52C3E379F007EEA1A = {
						CreatedOnToolsVersion = 15.4;
					};
					E65482E02C3E37B1007EEA1A = {
						CreatedOnToolsVersion = 15.4;
						TestTargetID = E65482C52C3E379F007EEA1A;
					};
					E65482EA2C3E37B1007EEA1A = {
						CreatedOnToolsVersion = 15.4;
						TestTargetID = E65482C52C3E379F007EEA1A;
					};
				};
			};
			buildConfigurationList = E65482C12C3E379F007EEA1A /* Build configuration list for PBXProject "MovieDb_OBJC" */;
			compatibilityVersion = "Xcode 14.0";
			developmentRegion = en;
			hasScannedForEncodings = 0;
			knownRegions = (
				en,
				Base,
			);
			mainGroup = E65482BD2C3E379F007EEA1A;
			productRefGroup = E65482C72C3E379F007EEA1A /* Products */;
			projectDirPath = "";
			projectRoot = "";
			targets = (
				E65482C52C3E379F007EEA1A /* MovieDb_OBJC */,
				E65482E02C3E37B1007EEA1A /* MovieDb_OBJCTests */,
				E65482EA2C3E37B1007EEA1A /* MovieDb_OBJCUITests */,
			);
		};
/* End PBXProject section */

/* Begin PBXResourcesBuildPhase section */
		E65482C42C3E379F007EEA1A /* Resources */ = {
			isa = PBXResourcesBuildPhase;
			buildActionMask = 2147483647;
			files = (
				E65482D62C3E37AD007EEA1A /* Assets.xcassets in Resources */,
				E65482D92C3E37AE007EEA1A /* Base in Resources */,
				E65482D42C3E379F007EEA1A /* Base in Resources */,
			);
			runOnlyForDeploymentPostprocessing = 0;
		};
		E65482DF2C3E37B1007EEA1A /* Resources */ = {
			isa = PBXResourcesBuildPhase;
			buildActionMask = 2147483647;
			files = (
			);
			runOnlyForDeploymentPostprocessing = 0;
		};
		E65482E92C3E37B1007EEA1A /* Resources */ = {
			isa = PBXResourcesBuildPhase;
			buildActionMask = 2147483647;
			files = (
			);
			runOnlyForDeploymentPostprocessing = 0;
		};
/* End PBXResourcesBuildPhase section */

/* Begin PBXSourcesBuildPhase section */
		E65482C22C3E379F007EEA1A /* Sources */ = {
			isa = PBXSourcesBuildPhase;
			buildActionMask = 2147483647;
			files = (
				E65482D12C3E379F007EEA1A /* ViewController.m in Sources */,
				E65482CB2C3E379F007EEA1A /* AppDelegate.m in Sources */,
				E65482DC2C3E37AE007EEA1A /* main.m in Sources */,
				E654830F2C3E3C92007EEA1A /* MovieCollectionViewCell.m in Sources */,
				E65483092C3E38EB007EEA1A /* MovieViewModel.m in Sources */,
				E65483012C3E384A007EEA1A /* NetworkManager.m in Sources */,
				E65483052C3E38A9007EEA1A /* MovieModel.m in Sources */,
				E65482CE2C3E379F007EEA1A /* SceneDelegate.m in Sources */,
			);
			runOnlyForDeploymentPostprocessing = 0;
		};
		E65482DD2C3E37B1007EEA1A /* Sources */ = {
			isa = PBXSourcesBuildPhase;
			buildActionMask = 2147483647;
			files = (
				E65482E62C3E37B1007EEA1A /* MovieDb_OBJCTests.m in Sources */,
			);
			runOnlyForDeploymentPostprocessing = 0;
		};
		E65482E72C3E37B1007EEA1A /* Sources */ = {
			isa = PBXSourcesBuildPhase;
			buildActionMask = 2147483647;
			files = (
				E65482F22C3E37B1007EEA1A /* MovieDb_OBJCUITestsLaunchTests.m in Sources */,
				E65482F02C3E37B1007EEA1A /* MovieDb_OBJCUITests.m in Sources */,
			);
			runOnlyForDeploymentPostprocessing = 0;
		};
/* End PBXSourcesBuildPhase section */

/* Begin PBXTargetDependency section */
		E65482E32C3E37B1007EEA1A /* PBXTargetDependency */ = {
			isa = PBXTargetDependency;
			target = E65482C52C3E379F007EEA1A /* MovieDb_OBJC */;
			targetProxy = E65482E22C3E37B1007EEA1A /* PBXContainerItemProxy */;
		};
		E65482ED2C3E37B1007EEA1A /* PBXTargetDependency */ = {
			isa = PBXTargetDependency;
			target = E65482C52C3E379F007EEA1A /* MovieDb_OBJC */;
			targetProxy = E65482EC2C3E37B1007EEA1A /* PBXContainerItemProxy */;
		};
/* End PBXTargetDependency section */

/* Begin PBXVariantGroup section */
		E65482D22C3E379F007EEA1A /* Main.storyboard */ = {
			isa = PBXVariantGroup;
			children = (
				E65482D32C3E379F007EEA1A /* Base */,
			);
			name = Main.storyboard;
			sourceTree = "<group>";
		};
		E65482D72C3E37AE007EEA1A /* LaunchScreen.storyboard */ = {
			isa = PBXVariantGroup;
			children = (
				E65482D82C3E37AE007EEA1A /* Base */,
			);
			name = LaunchScreen.storyboard;
			sourceTree = "<group>";
		};
/* End PBXVariantGroup section */

/* Begin XCBuildConfiguration section */
		E65482F32C3E37B1007EEA1A /* Debug */ = {
			isa = XCBuildConfiguration;
			buildSettings = {
				ALWAYS_SEARCH_USER_PATHS = NO;
				ASSETCATALOG_COMPILER_GENERATE_SWIFT_ASSET_SYMBOL_EXTENSIONS = YES;
				CLANG_ANALYZER_NONNULL = YES;
				CLANG_ANALYZER_NUMBER_OBJECT_CONVERSION = YES_AGGRESSIVE;
				CLANG_CXX_LANGUAGE_STANDARD = "gnu++20";
				CLANG_ENABLE_MODULES = YES;
				CLANG_ENABLE_OBJC_ARC = YES;
				CLANG_ENABLE_OBJC_WEAK = YES;
				CLANG_WARN_BLOCK_CAPTURE_AUTORELEASING = YES;
				CLANG_WARN_BOOL_CONVERSION = YES;
				CLANG_WARN_COMMA = YES;
				CLANG_WARN_CONSTANT_CONVERSION = YES;
				CLANG_WARN_DEPRECATED_OBJC_IMPLEMENTATIONS = YES;
				CLANG_WARN_DIRECT_OBJC_ISA_USAGE = YES_ERROR;
				CLANG_WARN_DOCUMENTATION_COMMENTS = YES;
				CLANG_WARN_EMPTY_BODY = YES;
				CLANG_WARN_ENUM_CONVERSION = YES;
				CLANG_WARN_INFINITE_RECURSION = YES;
				CLANG_WARN_INT_CONVERSION = YES;
				CLANG_WARN_NON_LITERAL_NULL_CONVERSION = YES;
				CLANG_WARN_OBJC_IMPLICIT_RETAIN_SELF = YES;
				CLANG_WARN_OBJC_LITERAL_CONVERSION = YES;
				CLANG_WARN_OBJC_ROOT_CLASS = YES_ERROR;
				CLANG_WARN_QUOTED_INCLUDE_IN_FRAMEWORK_HEADER = YES;
				CLANG_WARN_RANGE_LOOP_ANALYSIS = YES;
				CLANG_WARN_STRICT_PROTOTYPES = YES;
				CLANG_WARN_SUSPICIOUS_MOVE = YES;
				CLANG_WARN_UNGUARDED_AVAILABILITY = YES_AGGRESSIVE;
				CLANG_WARN_UNREACHABLE_CODE = YES;
				CLANG_WARN__DUPLICATE_METHOD_MATCH = YES;
				COPY_PHASE_STRIP = NO;
				DEBUG_INFORMATION_FORMAT = dwarf;
				ENABLE_STRICT_OBJC_MSGSEND = YES;
				ENABLE_TESTABILITY = YES;
				ENABLE_USER_SCRIPT_SANDBOXING = YES;
				GCC_C_LANGUAGE_STANDARD = gnu17;
				GCC_DYNAMIC_NO_PIC = NO;
				GCC_NO_COMMON_BLOCKS = YES;
				GCC_OPTIMIZATION_LEVEL = 0;
				GCC_PREPROCESSOR_DEFINITIONS = (
					"DEBUG=1",
					"$(inherited)",
				);
				GCC_WARN_64_TO_32_BIT_CONVERSION = YES;
				GCC_WARN_ABOUT_RETURN_TYPE = YES_ERROR;
				GCC_WARN_UNDECLARED_SELECTOR = YES;
				GCC_WARN_UNINITIALIZED_AUTOS = YES_AGGRESSIVE;
				GCC_WARN_UNUSED_FUNCTION = YES;
				GCC_WARN_UNUSED_VARIABLE = YES;
				IPHONEOS_DEPLOYMENT_TARGET = 17.5;
				LOCALIZATION_PREFERS_STRING_CATALOGS = YES;
				MTL_ENABLE_DEBUG_INFO = INCLUDE_SOURCE;
				MTL_FAST_MATH = YES;
				ONLY_ACTIVE_ARCH = YES;
				SDKROOT = iphoneos;
			};
			name = Debug;
		};
		E65482F42C3E37B1007EEA1A /* Release */ = {
			isa = XCBuildConfiguration;
			buildSettings = {
				ALWAYS_SEARCH_USER_PATHS = NO;
				ASSETCATALOG_COMPILER_GENERATE_SWIFT_ASSET_SYMBOL_EXTENSIONS = YES;
				CLANG_ANALYZER_NONNULL = YES;
				CLANG_ANALYZER_NUMBER_OBJECT_CONVERSION = YES_AGGRESSIVE;
				CLANG_CXX_LANGUAGE_STANDARD = "gnu++20";
				CLANG_ENABLE_MODULES = YES;
				CLANG_ENABLE_OBJC_ARC = YES;
				CLANG_ENABLE_OBJC_WEAK = YES;
				CLANG_WARN_BLOCK_CAPTURE_AUTORELEASING = YES;
				CLANG_WARN_BOOL_CONVERSION = YES;
				CLANG_WARN_COMMA = YES;
				CLANG_WARN_CONSTANT_CONVERSION = YES;
				CLANG_WARN_DEPRECATED_OBJC_IMPLEMENTATIONS = YES;
				CLANG_WARN_DIRECT_OBJC_ISA_USAGE = YES_ERROR;
				CLANG_WARN_DOCUMENTATION_COMMENTS = YES;
				CLANG_WARN_EMPTY_BODY = YES;
				CLANG_WARN_ENUM_CONVERSION = YES;
				CLANG_WARN_INFINITE_RECURSION = YES;
				CLANG_WARN_INT_CONVERSION = YES;
				CLANG_WARN_NON_LITERAL_NULL_CONVERSION = YES;
				CLANG_WARN_OBJC_IMPLICIT_RETAIN_SELF = YES;
				CLANG_WARN_OBJC_LITERAL_CONVERSION = YES;
				CLANG_WARN_OBJC_ROOT_CLASS = YES_ERROR;
				CLANG_WARN_QUOTED_INCLUDE_IN_FRAMEWORK_HEADER = YES;
				CLANG_WARN_RANGE_LOOP_ANALYSIS = YES;
				CLANG_WARN_STRICT_PROTOTYPES = YES;
				CLANG_WARN_SUSPICIOUS_MOVE = YES;
				CLANG_WARN_UNGUARDED_AVAILABILITY = YES_AGGRESSIVE;
				CLANG_WARN_UNREACHABLE_CODE = YES;
				CLANG_WARN__DUPLICATE_METHOD_MATCH = YES;
				COPY_PHASE_STRIP = NO;
				DEBUG_INFORMATION_FORMAT = "dwarf-with-dsym";
				ENABLE_NS_ASSERTIONS = NO;
				ENABLE_STRICT_OBJC_MSGSEND = YES;
				ENABLE_USER_SCRIPT_SANDBOXING = YES;
				GCC_C_LANGUAGE_STANDARD = gnu17;
				GCC_NO_COMMON_BLOCKS = YES;
				GCC_WARN_64_TO_32_BIT_CONVERSION = YES;
				GCC_WARN_ABOUT_RETURN_TYPE = YES_ERROR;
				GCC_WARN_UNDECLARED_SELECTOR = YES;
				GCC_WARN_UNINITIALIZED_AUTOS = YES_AGGRESSIVE;
				GCC_WARN_UNUSED_FUNCTION = YES;
				GCC_WARN_UNUSED_VARIABLE = YES;
				IPHONEOS_DEPLOYMENT_TARGET = 17.5;
				LOCALIZATION_PREFERS_STRING_CATALOGS = YES;
				MTL_ENABLE_DEBUG_INFO = NO;
				MTL_FAST_MATH = YES;
				SDKROOT = iphoneos;
				VALIDATE_PRODUCT = YES;
			};
			name = Release;
		};
		E65482F62C3E37B1007EEA1A /* Debug */ = {
			isa = XCBuildConfiguration;
			buildSettings = {
				ASSETCATALOG_COMPILER_APPICON_NAME = AppIcon;
				ASSETCATALOG_COMPILER_GLOBAL_ACCENT_COLOR_NAME = AccentColor;
				CODE_SIGN_STYLE = Automatic;
				CURRENT_PROJECT_VERSION = 1;
				DEVELOPMENT_TEAM = FMBNG35Z38;
				GENERATE_INFOPLIST_FILE = YES;
				INFOPLIST_FILE = MovieDb_OBJC/Info.plist;
				INFOPLIST_KEY_UIApplicationSupportsIndirectInputEvents = YES;
				INFOPLIST_KEY_UILaunchStoryboardName = LaunchScreen;
				INFOPLIST_KEY_UIMainStoryboardFile = Main;
				INFOPLIST_KEY_UISupportedInterfaceOrientations_iPad = "UIInterfaceOrientationPortrait UIInterfaceOrientationPortraitUpsideDown UIInterfaceOrientationLandscapeLeft UIInterfaceOrientationLandscapeRight";
				INFOPLIST_KEY_UISupportedInterfaceOrientations_iPhone = "UIInterfaceOrientationPortrait UIInterfaceOrientationLandscapeLeft UIInterfaceOrientationLandscapeRight";
				LD_RUNPATH_SEARCH_PATHS = (
					"$(inherited)",
					"@executable_path/Frameworks",
				);
				MARKETING_VERSION = 1.0;
				PRODUCT_BUNDLE_IDENTIFIER = "ZeinChandra.MovieDb-OBJC";
				PRODUCT_NAME = "$(TARGET_NAME)";
				SWIFT_EMIT_LOC_STRINGS = YES;
				TARGETED_DEVICE_FAMILY = "1,2";
			};
			name = Debug;
		};
		E65482F72C3E37B1007EEA1A /* Release */ = {
			isa = XCBuildConfiguration;
			buildSettings = {
				ASSETCATALOG_COMPILER_APPICON_NAME = AppIcon;
				ASSETCATALOG_COMPILER_GLOBAL_ACCENT_COLOR_NAME = AccentColor;
				CODE_SIGN_STYLE = Automatic;
				CURRENT_PROJECT_VERSION = 1;
				DEVELOPMENT_TEAM = FMBNG35Z38;
				GENERATE_INFOPLIST_FILE = YES;
				INFOPLIST_FILE = MovieDb_OBJC/Info.plist;
				INFOPLIST_KEY_UIApplicationSupportsIndirectInputEvents = YES;
				INFOPLIST_KEY_UILaunchStoryboardName = LaunchScreen;
				INFOPLIST_KEY_UIMainStoryboardFile = Main;
				INFOPLIST_KEY_UISupportedInterfaceOrientations_iPad = "UIInterfaceOrientationPortrait UIInterfaceOrientationPortraitUpsideDown UIInterfaceOrientationLandscapeLeft UIInterfaceOrientationLandscapeRight";
				INFOPLIST_KEY_UISupportedInterfaceOrientations_iPhone = "UIInterfaceOrientationPortrait UIInterfaceOrientationLandscapeLeft UIInterfaceOrientationLandscapeRight";
				LD_RUNPATH_SEARCH_PATHS = (
					"$(inherited)",
					"@executable_path/Frameworks",
				);
				MARKETING_VERSION = 1.0;
				PRODUCT_BUNDLE_IDENTIFIER = "ZeinChandra.MovieDb-OBJC";
				PRODUCT_NAME = "$(TARGET_NAME)";
				SWIFT_EMIT_LOC_STRINGS = YES;
				TARGETED_DEVICE_FAMILY = "1,2";
			};
			name = Release;
		};
		E65482F92C3E37B1007EEA1A /* Debug */ = {
			isa = XCBuildConfiguration;
			buildSettings = {
				BUNDLE_LOADER = "$(TEST_HOST)";
				CODE_SIGN_STYLE = Automatic;
				CURRENT_PROJECT_VERSION = 1;
				DEVELOPMENT_TEAM = FMBNG35Z38;
				GENERATE_INFOPLIST_FILE = YES;
				IPHONEOS_DEPLOYMENT_TARGET = 17.5;
				MARKETING_VERSION = 1.0;
				PRODUCT_BUNDLE_IDENTIFIER = "ZeinChandra.MovieDb-OBJCTests";
				PRODUCT_NAME = "$(TARGET_NAME)";
				SWIFT_EMIT_LOC_STRINGS = NO;
				TARGETED_DEVICE_FAMILY = "1,2";
				TEST_HOST = "$(BUILT_PRODUCTS_DIR)/MovieDb_OBJC.app/$(BUNDLE_EXECUTABLE_FOLDER_PATH)/MovieDb_OBJC";
			};
			name = Debug;
		};
		E65482FA2C3E37B1007EEA1A /* Release */ = {
			isa = XCBuildConfiguration;
			buildSettings = {
				BUNDLE_LOADER = "$(TEST_HOST)";
				CODE_SIGN_STYLE = Automatic;
				CURRENT_PROJECT_VERSION = 1;
				DEVELOPMENT_TEAM = FMBNG35Z38;
				GENERATE_INFOPLIST_FILE = YES;
				IPHONEOS_DEPLOYMENT_TARGET = 17.5;
				MARKETING_VERSION = 1.0;
				PRODUCT_BUNDLE_IDENTIFIER = "ZeinChandra.MovieDb-OBJCTests";
				PRODUCT_NAME = "$(TARGET_NAME)";
				SWIFT_EMIT_LOC_STRINGS = NO;
				TARGETED_DEVICE_FAMILY = "1,2";
				TEST_HOST = "$(BUILT_PRODUCTS_DIR)/MovieDb_OBJC.app/$(BUNDLE_EXECUTABLE_FOLDER_PATH)/MovieDb_OBJC";
			};
			name = Release;
		};
		E65482FC2C3E37B1007EEA1A /* Debug */ = {
			isa = XCBuildConfiguration;
			buildSettings = {
				CODE_SIGN_STYLE = Automatic;
				CURRENT_PROJECT_VERSION = 1;
				DEVELOPMENT_TEAM = FMBNG35Z38;
				GENERATE_INFOPLIST_FILE = YES;
				MARKETING_VERSION = 1.0;
				PRODUCT_BUNDLE_IDENTIFIER = "ZeinChandra.MovieDb-OBJCUITests";
				PRODUCT_NAME = "$(TARGET_NAME)";
				SWIFT_EMIT_LOC_STRINGS = NO;
				TARGETED_DEVICE_FAMILY = "1,2";
				TEST_TARGET_NAME = MovieDb_OBJC;
			};
			name = Debug;
		};
		E65482FD2C3E37B1007EEA1A /* Release */ = {
			isa = XCBuildConfiguration;
			buildSettings = {
				CODE_SIGN_STYLE = Automatic;
				CURRENT_PROJECT_VERSION = 1;
				DEVELOPMENT_TEAM = FMBNG35Z38;
				GENERATE_INFOPLIST_FILE = YES;
				MARKETING_VERSION = 1.0;
				PRODUCT_BUNDLE_IDENTIFIER = "ZeinChandra.MovieDb-OBJCUITests";
				PRODUCT_NAME = "$(TARGET_NAME)";
				SWIFT_EMIT_LOC_STRINGS = NO;
				TARGETED_DEVICE_FAMILY = "1,2";
				TEST_TARGET_NAME = MovieDb_OBJC;
			};
			name = Release;
		};
/* End XCBuildConfiguration section */

/* Begin XCConfigurationList section */
		E65482C12C3E379F007EEA1A /* Build configuration list for PBXProject "MovieDb_OBJC" */ = {
			isa = XCConfigurationList;
			buildConfigurations = (
				E65482F32C3E37B1007EEA1A /* Debug */,
				E65482F42C3E37B1007EEA1A /* Release */,
			);
			defaultConfigurationIsVisible = 0;
			defaultConfigurationName = Release;
		};
		E65482F52C3E37B1007EEA1A /* Build configuration list for PBXNativeTarget "MovieDb_OBJC" */ = {
			isa = XCConfigurationList;
			buildConfigurations = (
				E65482F62C3E37B1007EEA1A /* Debug */,
				E65482F72C3E37B1007EEA1A /* Release */,
			);
			defaultConfigurationIsVisible = 0;
			defaultConfigurationName = Release;
		};
		E65482F82C3E37B1007EEA1A /* Build configuration list for PBXNativeTarget "MovieDb_OBJCTests" */ = {
			isa = XCConfigurationList;
			buildConfigurations = (
				E65482F92C3E37B1007EEA1A /* Debug */,
				E65482FA2C3E37B1007EEA1A /* Release */,
			);
			defaultConfigurationIsVisible = 0;
			defaultConfigurationName = Release;
		};
		E65482FB2C3E37B1007EEA1A /* Build configuration list for PBXNativeTarget "MovieDb_OBJCUITests" */ = {
			isa = XCConfigurationList;
			buildConfigurations = (
				E65482FC2C3E37B1007EEA1A /* Debug */,
				E65482FD2C3E37B1007EEA1A /* Release */,
			);
			defaultConfigurationIsVisible = 0;
			defaultConfigurationName = Release;
		};
/* End XCConfigurationList section */
	};
	rootObject = E65482BE2C3E379F007EEA1A /* Project object */;
}
